{
  "name": "loadcsv",
  "version": "1.0.0",
  "lockfileVersion": 1,
  "requires": true,
  "dependencies": {
    "lodash": {
      "version": "4.17.21",
      "resolved": "https://artifactory.sie.sony.com/artifactory/api/npm/ce-sie-private-npm-prod-virtual/lodash/-/lodash-4.17.21.tgz",
      "integrity": "sha1-Z5WRxWTDv/quhFTPCz3zcMPWkRw="
    },
    "seedrandom": {
      "version": "2.4.4",
      "resolved": "https://artifactory.sie.sony.com/artifactory/api/npm/ce-sie-private-npm-prod-virtual/seedrandom/-/seedrandom-2.4.4.tgz",
      "integrity": "sha1-sl6phjLHPkX1i3fPqpMWeN8B+bo="
    },
    "shuffle-seed": {
      "version": "1.1.6",
      "resolved": "https://artifactory.sie.sony.com/artifactory/api/npm/ce-sie-private-npm-prod-virtual/shuffle-seed/-/shuffle-seed-1.1.6.tgz",
      "integrity": "sha1-UzwSaDurO0+j6HUfxOViFGdEJgs=",
      "requires": {
        "seedrandom": "^2.4.2"
      }
    }
  }
}
